
Microsoft Visual Studio Solution File, Format Version 12.00
# Visual Studio 15
VisualStudioVersion = 15.0.27428.2037
MinimumVisualStudioVersion = 10.0.40219.1
Project("{FAE04EC0-301F-11D3-BF4B-00C04F79EFBC}") = "SharpAI", "SharpAI\SharpAI.csproj", "{B688613B-69AD-439A-A4DC-4B619CE7A7F1}"
EndProject
Global
	GlobalSection(SolutionConfigurationPlatforms) = preSolution
		Debug|Any CPU = Debug|Any CPU
		Release|Any CPU = Release|Any CPU
	EndGlobalSection
	GlobalSection(ProjectConfigurationPlatforms) = postSolution
		{B688613B-69AD-439A-A4DC-4B619CE7A7F1}.Debug|Any CPU.ActiveCfg = Debug|Any CPU
		{B688613B-69AD-439A-A4DC-4B619CE7A7F1}.Debug|Any CPU.Build.0 = Debug|Any CPU
		{B688613B-69AD-439A-A4DC-4B619CE7A7F1}.Release|Any CPU.ActiveCfg = Release|Any CPU
		{B688613B-69AD-439A-A4DC-4B619CE7A7F1}.Release|Any CPU.Build.0 = Release|Any CPU
	EndGlobalSection
	GlobalSection(SolutionProperties) = preSolution
		HideSolutionNode = FALSE
	EndGlobalSection
	GlobalSection(ExtensibilityGlobals) = postSolution
		SolutionGuid = {7CA7FCEE-DE27-4401-8E36-D925138351FB}
	EndGlobalSection
EndGlobal
